
Microsoft Visual Studio Solution File, Format Version 12.00
# Visual Studio Version 17
VisualStudioVersion = 17.9.34728.123
MinimumVisualStudioVersion = 10.0.40219.1
Project("{8BC9CEB8-8B4A-11D0-8D11-00A0C91BC942}") = "cpp_array_p1", "cpp_array_p1.vcxproj", "{81A0CE23-D17B-474E-97E8-F0A8B46F709D}"
EndProject
Global
	GlobalSection(SolutionConfigurationPlatforms) = preSolution
		Debug|x64 = Debug|x64
		Debug|x86 = Debug|x86
		Release|x64 = Release|x64
		Release|x86 = Release|x86
	EndGlobalSection
	GlobalSection(ProjectConfigurationPlatforms) = postSolution
		{81A0CE23-D17B-474E-97E8-F0A8B46F709D}.Debug|x64.ActiveCfg = Debug|x64
		{81A0CE23-D17B-474E-97E8-F0A8B46F709D}.Debug|x64.Build.0 = Debug|x64
		{81A0CE23-D17B-474E-97E8-F0A8B46F709D}.Debug|x86.ActiveCfg = Debug|Win32
		{81A0CE23-D17B-474E-97E8-F0A8B46F709D}.Debug|x86.Build.0 = Debug|Win32
		{81A0CE23-D17B-474E-97E8-F0A8B46F709D}.Release|x64.ActiveCfg = Release|x64
		{81A0CE23-D17B-474E-97E8-F0A8B46F709D}.Release|x64.Build.0 = Release|x64
		{81A0CE23-D17B-474E-97E8-F0A8B46F709D}.Release|x86.ActiveCfg = Release|Win32
		{81A0CE23-D17B-474E-97E8-F0A8B46F709D}.Release|x86.Build.0 = Release|Win32
	EndGlobalSection
	GlobalSection(SolutionProperties) = preSolution
		HideSolutionNode = FALSE
	EndGlobalSection
	GlobalSection(ExtensibilityGlobals) = postSolution
		SolutionGuid = {D2577902-5418-44C9-A0E1-3B3CD6A386E7}
	EndGlobalSection
EndGlobal
